
Microsoft Visual Studio Solution File, Format Version 12.00
# Visual Studio Version 16
VisualStudioVersion = 16.0.30011.22
MinimumVisualStudioVersion = 10.0.40219.1
Project("{FAE04EC0-301F-11D3-BF4B-00C04F79EFBC}") = "XF46ReleaseFeatureTest.Android", "XF46ReleaseFeatureTest\XF46ReleaseFeatureTest.Android\XF46ReleaseFeatureTest.Android.csproj", "{C38A506B-DE5B-4CA9-A356-534520019BD1}"
EndProject
Project("{FAE04EC0-301F-11D3-BF4B-00C04F79EFBC}") = "XF46ReleaseFeatureTest.iOS", "XF46ReleaseFeatureTest\XF46ReleaseFeatureTest.iOS\XF46ReleaseFeatureTest.iOS.csproj", "{0BA39603-F379-4725-BAAB-459EBFC6C84D}"
EndProject
Project("{FAE04EC0-301F-11D3-BF4B-00C04F79EFBC}") = "XF46ReleaseFeatureTest", "XF46ReleaseFeatureTest\XF46ReleaseFeatureTest\XF46ReleaseFeatureTest.csproj", "{B4930211-C20D-41FA-908D-87E455575165}"
EndProject
Global
	GlobalSection(SolutionConfigurationPlatforms) = preSolution
		Debug|Any CPU = Debug|Any CPU
		Debug|iPhone = Debug|iPhone
		Debug|iPhoneSimulator = Debug|iPhoneSimulator
		Release|Any CPU = Release|Any CPU
		Release|iPhone = Release|iPhone
		Release|iPhoneSimulator = Release|iPhoneSimulator
	EndGlobalSection
	GlobalSection(ProjectConfigurationPlatforms) = postSolution
		{C38A506B-DE5B-4CA9-A356-534520019BD1}.Debug|Any CPU.ActiveCfg = Debug|Any CPU
		{C38A506B-DE5B-4CA9-A356-534520019BD1}.Debug|Any CPU.Build.0 = Debug|Any CPU
		{C38A506B-DE5B-4CA9-A356-534520019BD1}.Debug|Any CPU.Deploy.0 = Debug|Any CPU
		{C38A506B-DE5B-4CA9-A356-534520019BD1}.Debug|iPhone.ActiveCfg = Debug|Any CPU
		{C38A506B-DE5B-4CA9-A356-534520019BD1}.Debug|iPhone.Build.0 = Debug|Any CPU
		{C38A506B-DE5B-4CA9-A356-534520019BD1}.Debug|iPhone.Deploy.0 = Debug|Any CPU
		{C38A506B-DE5B-4CA9-A356-534520019BD1}.Debug|iPhoneSimulator.ActiveCfg = Debug|Any CPU
		{C38A506B-DE5B-4CA9-A356-534520019BD1}.Debug|iPhoneSimulator.Build.0 = Debug|Any CPU
		{C38A506B-DE5B-4CA9-A356-534520019BD1}.Debug|iPhoneSimulator.Deploy.0 = Debug|Any CPU
		{C38A506B-DE5B-4CA9-A356-534520019BD1}.Release|Any CPU.ActiveCfg = Release|Any CPU
		{C38A506B-DE5B-4CA9-A356-534520019BD1}.Release|Any CPU.Build.0 = Release|Any CPU
		{C38A506B-DE5B-4CA9-A356-534520019BD1}.Release|Any CPU.Deploy.0 = Release|Any CPU
		{C38A506B-DE5B-4CA9-A356-534520019BD1}.Release|iPhone.ActiveCfg = Release|Any CPU
		{C38A506B-DE5B-4CA9-A356-534520019BD1}.Release|iPhone.Build.0 = Release|Any CPU
		{C38A506B-DE5B-4CA9-A356-534520019BD1}.Release|iPhone.Deploy.0 = Release|Any CPU
		{C38A506B-DE5B-4CA9-A356-534520019BD1}.Release|iPhoneSimulator.ActiveCfg = Release|Any CPU
		{C38A506B-DE5B-4CA9-A356-534520019BD1}.Release|iPhoneSimulator.Build.0 = Release|Any CPU
		{C38A506B-DE5B-4CA9-A356-534520019BD1}.Release|iPhoneSimulator.Deploy.0 = Release|Any CPU
		{0BA39603-F379-4725-BAAB-459EBFC6C84D}.Debug|Any CPU.ActiveCfg = Debug|iPhone
		{0BA39603-F379-4725-BAAB-459EBFC6C84D}.Debug|Any CPU.Build.0 = Debug|iPhone
		{0BA39603-F379-4725-BAAB-459EBFC6C84D}.Debug|Any CPU.Deploy.0 = Debug|iPhone
		{0BA39603-F379-4725-BAAB-459EBFC6C84D}.Debug|iPhone.ActiveCfg = Debug|iPhone
		{0BA39603-F379-4725-BAAB-459EBFC6C84D}.Debug|iPhone.Build.0 = Debug|iPhone
		{0BA39603-F379-4725-BAAB-459EBFC6C84D}.Debug|iPhone.Deploy.0 = Debug|iPhone
		{0BA39603-F379-4725-BAAB-459EBFC6C84D}.Debug|iPhoneSimulator.ActiveCfg = Debug|iPhoneSimulator
		{0BA39603-F379-4725-BAAB-459EBFC6C84D}.Debug|iPhoneSimulator.Build.0 = Debug|iPhoneSimulator
		{0BA39603-F379-4725-BAAB-459EBFC6C84D}.Debug|iPhoneSimulator.Deploy.0 = Debug|iPhoneSimulator
		{0BA39603-F379-4725-BAAB-459EBFC6C84D}.Release|Any CPU.ActiveCfg = Release|iPhone
		{0BA39603-F379-4725-BAAB-459EBFC6C84D}.Release|Any CPU.Build.0 = Release|iPhone
		{0BA39603-F379-4725-BAAB-459EBFC6C84D}.Release|Any CPU.Deploy.0 = Release|iPhone
		{0BA39603-F379-4725-BAAB-459EBFC6C84D}.Release|iPhone.ActiveCfg = Release|iPhone
		{0BA39603-F379-4725-BAAB-459EBFC6C84D}.Release|iPhone.Build.0 = Release|iPhone
		{0BA39603-F379-4725-BAAB-459EBFC6C84D}.Release|iPhone.Deploy.0 = Release|iPhone
		{0BA39603-F379-4725-BAAB-459EBFC6C84D}.Release|iPhoneSimulator.ActiveCfg = Release|iPhoneSimulator
		{0BA39603-F379-4725-BAAB-459EBFC6C84D}.Release|iPhoneSimulator.Build.0 = Release|iPhoneSimulator
		{0BA39603-F379-4725-BAAB-459EBFC6C84D}.Release|iPhoneSimulator.Deploy.0 = Release|iPhoneSimulator
		{B4930211-C20D-41FA-908D-87E455575165}.Debug|Any CPU.ActiveCfg = Debug|Any CPU
		{B4930211-C20D-41FA-908D-87E455575165}.Debug|Any CPU.Build.0 = Debug|Any CPU
		{B4930211-C20D-41FA-908D-87E455575165}.Debug|Any CPU.Deploy.0 = Debug|Any CPU
		{B4930211-C20D-41FA-908D-87E455575165}.Debug|iPhone.ActiveCfg = Debug|Any CPU
		{B4930211-C20D-41FA-908D-87E455575165}.Debug|iPhone.Build.0 = Debug|Any CPU
		{B4930211-C20D-41FA-908D-87E455575165}.Debug|iPhone.Deploy.0 = Debug|Any CPU
		{B4930211-C20D-41FA-908D-87E455575165}.Debug|iPhoneSimulator.ActiveCfg = Debug|Any CPU
		{B4930211-C20D-41FA-908D-87E455575165}.Debug|iPhoneSimulator.Build.0 = Debug|Any CPU
		{B4930211-C20D-41FA-908D-87E455575165}.Debug|iPhoneSimulator.Deploy.0 = Debug|Any CPU
		{B4930211-C20D-41FA-908D-87E455575165}.Release|Any CPU.ActiveCfg = Release|Any CPU
		{B4930211-C20D-41FA-908D-87E455575165}.Release|Any CPU.Build.0 = Release|Any CPU
		{B4930211-C20D-41FA-908D-87E455575165}.Release|Any CPU.Deploy.0 = Release|Any CPU
		{B4930211-C20D-41FA-908D-87E455575165}.Release|iPhone.ActiveCfg = Release|Any CPU
		{B4930211-C20D-41FA-908D-87E455575165}.Release|iPhone.Build.0 = Release|Any CPU
		{B4930211-C20D-41FA-908D-87E455575165}.Release|iPhone.Deploy.0 = Release|Any CPU
		{B4930211-C20D-41FA-908D-87E455575165}.Release|iPhoneSimulator.ActiveCfg = Release|Any CPU
		{B4930211-C20D-41FA-908D-87E455575165}.Release|iPhoneSimulator.Build.0 = Release|Any CPU
		{B4930211-C20D-41FA-908D-87E455575165}.Release|iPhoneSimulator.Deploy.0 = Release|Any CPU
	EndGlobalSection
	GlobalSection(SolutionProperties) = preSolution
		HideSolutionNode = FALSE
	EndGlobalSection
	GlobalSection(ExtensibilityGlobals) = postSolution
		SolutionGuid = {C05F7B56-5164-4D03-B24F-D85448CAFD5F}
	EndGlobalSection
EndGlobal
